
Microsoft Visual Studio Solution File, Format Version 12.00
# Visual Studio Version 17
VisualStudioVersion = 17.0.32126.317
MinimumVisualStudioVersion = 10.0.40219.1
Project("{FAE04EC0-301F-11D3-BF4B-00C04F79EFBC}") = "WebContacts", "WebContacts\WebContacts.csproj", "{91C29E63-F46C-4580-9D28-BF188C163ACB}"
EndProject
Global
	GlobalSection(SolutionConfigurationPlatforms) = preSolution
		Debug|Any CPU = Debug|Any CPU
		Release|Any CPU = Release|Any CPU
	EndGlobalSection
	GlobalSection(ProjectConfigurationPlatforms) = postSolution
		{91C29E63-F46C-4580-9D28-BF188C163ACB}.Debug|Any CPU.ActiveCfg = Debug|Any CPU
		{91C29E63-F46C-4580-9D28-BF188C163ACB}.Debug|Any CPU.Build.0 = Debug|Any CPU
		{91C29E63-F46C-4580-9D28-BF188C163ACB}.Release|Any CPU.ActiveCfg = Release|Any CPU
		{91C29E63-F46C-4580-9D28-BF188C163ACB}.Release|Any CPU.Build.0 = Release|Any CPU
	EndGlobalSection
	GlobalSection(SolutionProperties) = preSolution
		HideSolutionNode = FALSE
	EndGlobalSection
	GlobalSection(ExtensibilityGlobals) = postSolution
		SolutionGuid = {E54421D4-93DF-41EA-B84C-3CE8FC28E3AD}
	EndGlobalSection
EndGlobal
